PODS:
  - Capacitor (8.3.0):
    - CapacitorCordova
  - CapacitorApp (8.1.0):
    - Capacitor
  - CapacitorBrowser (8.0.3):
    - Capacitor
  - CapacitorCommunityBluetoothLe (8.1.3):
    - Capacitor
  - CapacitorCommunityInAppReview (8.0.0):
    - Capacitor
  - CapacitorCommunityKeepAwake (8.0.0):
    - Capacitor
  - CapacitorCommunitySafeArea (8.0.1):
    - Capacitor
  - CapacitorCordova (8.3.0)
  - CapacitorGeolocation (8.1.0):
    - Capacitor
    - IONGeolocationLib (= 2.0.0)
  - IONGeolocationLib (2.0.0)

DEPENDENCIES:
  - "Capacitor (from `../../node_modules/@capacitor/ios`)"
  - "CapacitorApp (from `../../node_modules/@capacitor/app`)"
  - "CapacitorBrowser (from `../../node_modules/@capacitor/browser`)"
  - "CapacitorCommunityBluetoothLe (from `../../node_modules/@capacitor-community/bluetooth-le`)"
  - "CapacitorCommunityInAppReview (from `../../node_modules/@capacitor-community/in-app-review`)"
  - "CapacitorCommunityKeepAwake (from `../../node_modules/@capacitor-community/keep-awake`)"
  - "CapacitorCommunitySafeArea (from `../../node_modules/@capacitor-community/safe-area`)"
  - "CapacitorCordova (from `../../node_modules/@capacitor/ios`)"
  - "CapacitorGeolocation (from `../../node_modules/@capacitor/geolocation`)"

SPEC REPOS:
  trunk:
    - IONGeolocationLib

EXTERNAL SOURCES:
  Capacitor:
    :path: "../../node_modules/@capacitor/ios"
  CapacitorApp:
    :path: "../../node_modules/@capacitor/app"
  CapacitorBrowser:
    :path: "../../node_modules/@capacitor/browser"
  CapacitorCommunityBluetoothLe:
    :path: "../../node_modules/@capacitor-community/bluetooth-le"
  CapacitorCommunityInAppReview:
    :path: "../../node_modules/@capacitor-community/in-app-review"
  CapacitorCommunityKeepAwake:
    :path: "../../node_modules/@capacitor-community/keep-awake"
  CapacitorCommunitySafeArea:
    :path: "../../node_modules/@capacitor-community/safe-area"
  CapacitorCordova:
    :path: "../../node_modules/@capacitor/ios"
  CapacitorGeolocation:
    :path: "../../node_modules/@capacitor/geolocation"

SPEC CHECKSUMS:
  Capacitor: 22e541237135648c9aa736232bb4d2eec35fddcb
  CapacitorApp: 449ffe26375e96f8aaaee625ac6e01e5c57c8650
  CapacitorBrowser: c987c73d09d8bd3b5ec13f06338b1e14d5d2be69
  CapacitorCommunityBluetoothLe: ab4b04474c7c13315cd591dee0995f1adce73c98
  CapacitorCommunityInAppReview: 4492bdd34aad4d27ed87949376022cc93b294ea1
  CapacitorCommunityKeepAwake: 332bf035bbdf0b1c244fd492b35a8a06c8802111
  CapacitorCommunitySafeArea: 91738f4ae7f47d2d94e06e429e16fb73cd8fdc48
  CapacitorCordova: 2e1e2bb93b2f365309dc4ff18b72b9a69a7814a9
  CapacitorGeolocation: 7132de914f9d853ec4642dc1d36e4e2018a4e8a8
  IONGeolocationLib: a5e40b54edc2ee9902036eda5aaa41ddf07bb68d

PODFILE CHECKSUM: 945e47c052f44bd2eb9546902e5e23a90b149b8b

COCOAPODS: 1.16.2
